{
  "version": 1,
  "dependencies": {
    "net9.0": {
      "AspNetCoreRateLimit": {
        "type": "Direct",
        "requested": "[5.0.0, )",
        "resolved": "5.0.0",
        "contentHash": "6fq9+o1maGADUmpK/PvcF0DtXW2+7bSkIL7MDIo/agbIHKN8XkMQF4oze60DO731WaQmHmK260hB30FwPzCmEg==",
        "dependencies": {
          "Microsoft.Extensions.Caching.Abstractions": "6.0.0",
          "Microsoft.Extensions.Logging.Abstractions": "6.0.3",
          "Microsoft.Extensions.Options": "6.0.0",
          "Newtonsoft.Json": "13.0.2"
        }
      },
      "Audit.EntityFramework.Core": {
        "type": "Direct",
        "requested": "[31.0.2, )",
        "resolved": "31.0.2",
        "contentHash": "XvZWSPPNq+NNoHA0vZ27lYYSUYvRoNAQfe531gReaBNQKFCtxCzQnJMCq8/G6L3BFzg+L8heU/jbzB/kxDHeVw==",
        "dependencies": {
          "Audit.EntityFramework.Abstractions": "31.0.2",
          "Audit.NET": "31.0.2",
          "Microsoft.EntityFrameworkCore": "9.0.0",
          "Microsoft.EntityFrameworkCore.Relational": "9.0.0"
        }
      },
      "Audit.NET": {
        "type": "Direct",
        "requested": "[31.0.2, )",
        "resolved": "31.0.2",
        "contentHash": "7hUtCEUJ6lChh513AEkI0z086uN4sW4zHetKD4FF/2w2uxslSjbStK5K9Fvvqf65d5qR26ewvoFkAcxpfDeIAg=="
      },
      "Audit.NET.SqlServer": {
        "type": "Direct",
        "requested": "[31.0.2, )",
        "resolved": "31.0.2",
        "contentHash": "IoOp6sg3FBolNZGe/fPaONK6igQw2e9fA424FPCrVA7w62Dc0Cr2ZpT6y2Y2Uzf0BJzRCHcUTuZGxiFV5uLq1g==",
        "dependencies": {
          "Audit.NET": "31.0.2",
          "Microsoft.Data.SqlClient": "5.2.2",
          "Microsoft.EntityFrameworkCore": "9.0.0",
          "Microsoft.EntityFrameworkCore.SqlServer": "9.0.0"
        }
      },
      "Google.Api.CommonProtos": {
        "type": "Direct",
        "requested": "[2.17.0, )",
        "resolved": "2.17.0",
        "contentHash": "elfQPknFr495hm7vdy6ZlgyQh6yzZq9TU7sS35L/Fj/fqjM/mUGau9gVJLhvQEtUlPjtR80hpn/m9HvBMyCXIw==",
        "dependencies": {
          "Google.Protobuf": "[3.31.1, 4.0.0]"
        }
      },
      "Google.Protobuf": {
        "type": "Direct",
        "requested": "[3.33.0, )",
        "resolved": "3.33.0",
        "contentHash": "+kIa03YipuiSDeRuZwcDcXS1xBQAFeGLIjuLbgJr2i+TlwBPYAqdnQZJ2SDVzIgDyy+q+n/400WyWyrJ5ZqCgQ=="
      },
      "Grpc.AspNetCore": {
        "type": "Direct",
        "requested": "[2.71.0, )",
        "resolved": "2.71.0",
        "contentHash": "B4wAbNtAuHNiHAMxLFWL74wUElzNOOboFnypalqpX76piCOGz/w5FpilbVVYGboI4Qgl4ZmZsvDZ1zLwHNsjnw==",
        "dependencies": {
          "Google.Protobuf": "3.30.2",
          "Grpc.AspNetCore.Server.ClientFactory": "2.71.0",
          "Grpc.Tools": "2.71.0"
        }
      },
      "Grpc.AspNetCore.Server.Reflection": {
        "type": "Direct",
        "requested": "[2.71.0, )",
        "resolved": "2.71.0",
        "contentHash": "e6tGYB0hK08OO8Xntrm0cxukRQ+sQh3i4YQZkAZvoiC11EhmUELfVI0zV6atGCbMZlgSZKI+SbYiwQLc+mraoQ==",
        "dependencies": {
          "Google.Protobuf": "3.30.2",
          "Grpc.AspNetCore.Server": "2.71.0",
          "Grpc.Reflection": "2.71.0"
        }
      },
      "Grpc.AspNetCore.Web": {
        "type": "Direct",
        "requested": "[2.71.0, )",
        "resolved": "2.71.0",
        "contentHash": "qaLqHTnznXry7btpZaAAIiJJyNcs2V0u5XncXT1zBfPu83YtdvWbM2pam8ejj/4UNdHE85s+LzTAJaP8JhJjpw=="
      },
      "Microsoft.AspNetCore.Grpc.JsonTranscoding": {
        "type": "Direct",
        "requested": "[9.0.10, )",
        "resolved": "9.0.10",
        "contentHash": "AZ/KpLeuUPEtmEW1DJdR7ihIU2id8G8kYXbKkHZGmPALNgmCaPNKwt5j3oB0yUz7JaW0J9ynw3T9o5laXlmjuQ==",
        "dependencies": {
          "Google.Api.CommonProtos": "2.15.0",
          "Google.Protobuf": "3.27.0",
          "Grpc.AspNetCore.Server": "2.64.0"
        }
      },
      "Microsoft.AspNetCore.OpenApi": {
        "type": "Direct",
        "requested": "[9.0.10, )",
        "resolved": "9.0.10",
        "contentHash": "yAv5EDEi0Nkk75Vhxh6ppuXd/QIO8hzjGpAt/fGInMZWIX/mVwZ1IM50YFIWeLCVM8KDj0oFPQdcLeQ+9hEJsw==",
        "dependencies": {
          "Microsoft.OpenApi": "1.6.17"
        }
      },
      "Microsoft.Data.SqlClient": {
        "type": "Direct",
        "requested": "[6.1.2, )",
        "resolved": "6.1.2",
        "contentHash": "q0GxRC0fgwfZgU14pU34ro0MW7Gs8S6NDmKCcEqymvZljT8UQa633BbEmk/Rb5upNF9NHZ3/jVm7zLiWbM8uTA==",
        "dependencies": {
          "Azure.Core": "1.47.1",
          "Azure.Identity": "1.14.2",
          "Microsoft.Bcl.Cryptography": "9.0.4",
          "Microsoft.Data.SqlClient.SNI.runtime": "6.0.2",
          "Microsoft.Extensions.Caching.Memory": "9.0.4",
          "Microsoft.IdentityModel.JsonWebTokens": "7.7.1",
          "Microsoft.IdentityModel.Protocols.OpenIdConnect": "7.7.1",
          "Microsoft.SqlServer.Server": "1.0.0",
          "System.Configuration.ConfigurationManager": "9.0.4",
          "System.Security.Cryptography.Pkcs": "9.0.4",
          "System.Text.Json": "9.0.5"
        }
      },
      "Microsoft.EntityFrameworkCore": {
        "type": "Direct",
        "requested": "[9.0.10, )",
        "resolved": "9.0.10",
        "contentHash": "WjjxVyOTVs85V7SUe+lZjtGOEeVzF4RO8amrqL4adgbyThNq7vGCFzPw8buZj44gHeQYD5V/uZ/6XuqG9Jq+kA==",
        "dependencies": {
          "Microsoft.EntityFrameworkCore.Abstractions": "9.0.10",
          "Microsoft.EntityFrameworkCore.Analyzers": "9.0.10",
          "Microsoft.Extensions.Caching.Memory": "9.0.10",
          "Microsoft.Extensions.Logging": "9.0.10"
        }
      },
      "Microsoft.EntityFrameworkCore.SqlServer": {
        "type": "Direct",
        "requested": "[9.0.10, )",
        "resolved": "9.0.10",
        "contentHash": "2c940sdoibS6FjKmSZvApIxWDcsYpjj9Jgnjt4BBpsAuaJOjT26jStM9Nc2Mvxp+054E0pqEZQHRyoug4vmeIQ==",
        "dependencies": {
          "Microsoft.Data.SqlClient": "5.1.6",
          "Microsoft.EntityFrameworkCore.Relational": "9.0.10",
          "Microsoft.Extensions.Caching.Memory": "9.0.10",
          "Microsoft.Extensions.Configuration.Abstractions": "9.0.10",
          "Microsoft.Extensions.Logging": "9.0.10",
          "System.Formats.Asn1": "9.0.10",
          "System.Text.Json": "9.0.10"
        }
      },
      "Microsoft.Extensions.Caching.StackExchangeRedis": {
        "type": "Direct",
        "requested": "[9.0.10, )",
        "resolved": "9.0.10",
        "contentHash": "JpkKHx2DFGLFvWblkIMk02SvhRkijnQyrGhbfV/lhxN/xYYLRQhwvchxNK4bbEGBm3VOYRlPkt8LispTNcUVcg==",
        "dependencies": {
          "Microsoft.Extensions.Caching.Abstractions": "9.0.10",
          "Microsoft.Extensions.Logging.Abstractions": "9.0.10",
          "Microsoft.Extensions.Options": "9.0.10",
          "StackExchange.Redis": "2.7.27"
        }
      },
      "Microsoft.Extensions.Diagnostics.HealthChecks.EntityFrameworkCore": {
        "type": "Direct",
        "requested": "[9.0.10, )",
        "resolved": "9.0.10",
        "contentHash": "SeSFvz4RTqU7x0bOgdyJRO7Ws8YjPM3B9mpkYV7J/npC2vlVEXELmofP0O6W4JPB4gvFN4rbgs+z9Ncvd2T+BQ==",
        "dependencies": {
          "Microsoft.EntityFrameworkCore.Relational": "9.0.10",
          "Microsoft.Extensions.Diagnostics.HealthChecks": "9.0.10",
          "Microsoft.Extensions.Diagnostics.HealthChecks.Abstractions": "9.0.10"
        }
      },
      "OpenTelemetry.Exporter.OpenTelemetryProtocol": {
        "type": "Direct",
        "requested": "[1.13.1, )",
        "resolved": "1.13.1",
        "contentHash": "WFqOpqMkjd8lM/asQRgfLP72UCqThQIGoylDgoYR8x0Bh9UCrdmBJCDU4pVZgI9CtSq1sWXeQuUsRXAl5U4yKg==",
        "dependencies": {
          "OpenTelemetry": "1.13.1"
        }
      },
      "OpenTelemetry.Extensions.Hosting": {
        "type": "Direct",
        "requested": "[1.13.1, )",
        "resolved": "1.13.1",
        "contentHash": "gULeizu0WH4YxnVltLO/Ml12aGxpk2Qrz3dm3MUgohQ/Y8HsGDzuAhawEP1eas6dMO61PJta1dy6KqNbVIJQyw==",
        "dependencies": {
          "Microsoft.Extensions.Hosting.Abstractions": "9.0.0",
          "OpenTelemetry": "1.13.1"
        }
      },
      "OpenTelemetry.Instrumentation.AspNetCore": {
        "type": "Direct",
        "requested": "[1.13.0, )",
        "resolved": "1.13.0",
        "contentHash": "+R2SOerMNh8/i6OJf4Q+HQUntoI6REF5FlXBiO5LzBj9MHGuuRbAIYYLcpbv/rwqWIa5RsPcZkNLo1M/41cWuQ==",
        "dependencies": {
          "OpenTelemetry.Api.ProviderBuilderExtensions": "[1.13.1, 2.0.0)"
        }
      },
      "OpenTelemetry.Instrumentation.EntityFrameworkCore": {
        "type": "Direct",
        "requested": "[1.13.0-beta.1, )",
        "resolved": "1.13.0-beta.1",
        "contentHash": "RXC28hwYXDKZRIRtojhHXJmpbS7+6d0Xi27iiNEt/P1KXaW2ZUVPy6NVSqeizmP2ubf2IB8U5UKlUrIwZipZAw==",
        "dependencies": {
          "Microsoft.Extensions.Configuration": "9.0.0",
          "Microsoft.Extensions.Options": "9.0.0",
          "OpenTelemetry.Api.ProviderBuilderExtensions": "[1.13.1, 2.0.0)"
        }
      },
      "OpenTelemetry.Instrumentation.Runtime": {
        "type": "Direct",
        "requested": "[1.13.0, )",
        "resolved": "1.13.0",
        "contentHash": "JwSyhx+Nw49meSfKYdc+I0YfUxBDEAGbDYm+JGLjV5w9+4p3EGGwLW7KRnEhtyKCVNtVx1G4JbfxtO+DWYp2kQ==",
        "dependencies": {
          "OpenTelemetry.Api": "[1.13.1, 2.0.0)"
        }
      },
      "Polly": {
        "type": "Direct",
        "requested": "[8.6.4, )",
        "resolved": "8.6.4",
        "contentHash": "uuBsDoBw0oYrMe3uTWRjkT2sIkKh+ZZnnDrLb4Z+QANfeA4+7FJacx6E8CY5GAxXRoSgFrvUADEAQ7DPF6fGiw==",
        "dependencies": {
          "Polly.Core": "8.6.4"
        }
      },
      "Radzen.Blazor": {
        "type": "Direct",
        "requested": "[8.1.5, )",
        "resolved": "8.1.5",
        "contentHash": "HWlFJQuhh/hKv6qHz+dkJmimArsf6VjIWbZ6DYp7GuV496BDOR/FClntw+oTFZyJ1MyRKhPuimsJPACbqm8DUg==",
        "dependencies": {
          "Microsoft.AspNetCore.Components": "9.0.10",
          "Microsoft.AspNetCore.Components.Web": "9.0.10"
        }
      },
      "Swashbuckle.AspNetCore": {
        "type": "Direct",
        "requested": "[9.0.6, )",
        "resolved": "9.0.6",
        "contentHash": "q/UfEAgrk6qQyjHXgsW9ILw0YZLfmPtWUY4wYijliX6supozC+TkzU0G6FTnn/dPYxnChjM8g8lHjWHF6VKy+A==",
        "dependencies": {
          "Microsoft.Extensions.ApiDescription.Server": "9.0.0",
          "Swashbuckle.AspNetCore.Swagger": "9.0.6",
          "Swashbuckle.AspNetCore.SwaggerGen": "9.0.6",
          "Swashbuckle.AspNetCore.SwaggerUI": "9.0.6"
        }
      },
      "Audit.EntityFramework.Abstractions": {
        "type": "Transitive",
        "resolved": "31.0.2",
        "contentHash": "jDOWc2uI8EUQnFD2HuPztS5nt37JqNlbVtpmGw8/j5NqsMMPaV1cR2WE8rHJ04TN2j0XWrUB2lhwCK3VHOE3GA=="
      },
      "Azure.Core": {
        "type": "Transitive",
        "resolved": "1.47.1",
        "contentHash": "oPcncSsDHuxB8SC522z47xbp2+ttkcKv2YZ90KXhRKN0YQd2+7l1UURT9EBzUNEXtkLZUOAB5xbByMTrYRh3yA==",
        "dependencies": {
          "Microsoft.Bcl.AsyncInterfaces": "8.0.0",
          "System.ClientModel": "1.5.1",
          "System.Memory.Data": "8.0.1"
        }
      },
      "Azure.Identity": {
        "type": "Transitive",
        "resolved": "1.14.2",
        "contentHash": "YhNMwOTwT+I2wIcJKSdP0ADyB2aK+JaYWZxO8LSRDm5w77LFr0ykR9xmt2ZV5T1gaI7xU6iNFIh/yW1dAlpddQ==",
        "dependencies": {
          "Azure.Core": "1.46.1",
          "Microsoft.Identity.Client": "4.73.1",
          "Microsoft.Identity.Client.Extensions.Msal": "4.73.1",
          "System.Memory": "4.5.5"
        }
      },
      "Grpc.AspNetCore.Server": {
        "type": "Transitive",
        "resolved": "2.71.0",
        "contentHash": "kv+9YVB6MqDYWIcstXvWrT7Xc1si/sfINzzSxvQfjC3aei+92gXDUXCH/Q+TEvi4QSICRqu92BYcrXUBW7cuOw==",
        "dependencies": {
          "Grpc.Net.Common": "2.71.0"
        }
      },
      "Grpc.AspNetCore.Server.ClientFactory": {
        "type": "Transitive",
        "resolved": "2.71.0",
        "contentHash": "AHvMxoC+esO1e/nOYBjxvn0WDHAfglcVBjtkBy6ohgnV+PzkF8UdkPHE02xnyPFaSokWGZKnWzjgd00x6EZpyQ==",
        "dependencies": {
          "Grpc.AspNetCore.Server": "2.71.0",
          "Grpc.Net.ClientFactory": "2.71.0"
        }
      },
      "Grpc.Core.Api": {
        "type": "Transitive",
        "resolved": "2.71.0",
        "contentHash": "QquqUC37yxsDzd1QaDRsH2+uuznWPTS8CVE2Yzwl3CvU4geTNkolQXoVN812M2IwT6zpv3jsZRc9ExJFNFslTg=="
      },
      "Grpc.Net.Client": {
        "type": "Transitive",
        "resolved": "2.71.0",
        "contentHash": "U1vr20r5ngoT9nlb7wejF28EKN+taMhJsV9XtK9MkiepTZwnKxxiarriiMfCHuDAfPUm9XUjFMn/RIuJ4YY61w==",
        "dependencies": {
          "Grpc.Net.Common": "2.71.0",
          "Microsoft.Extensions.Logging.Abstractions": "6.0.0"
        }
      },
      "Grpc.Net.ClientFactory": {
        "type": "Transitive",
        "resolved": "2.71.0",
        "contentHash": "8oPLwQLPo86fmcf9ghjCDyNsSWhtHc3CXa/AqwF8Su/pG7qAoeWWtbymsZhoNvCV9Zjzb6BDcIPKXLYt+O175g==",
        "dependencies": {
          "Grpc.Net.Client": "2.71.0",
          "Microsoft.Extensions.Http": "6.0.0"
        }
      },
      "Grpc.Net.Common": {
        "type": "Transitive",
        "resolved": "2.71.0",
        "contentHash": "v0c8R97TwRYwNXlC8GyRXwYTCNufpDfUtj9la+wUrZFzVWkFJuNAltU+c0yI3zu0jl54k7en6u2WKgZgd57r2Q==",
        "dependencies": {
          "Grpc.Core.Api": "2.71.0"
        }
      },
      "Grpc.Reflection": {
        "type": "Transitive",
        "resolved": "2.71.0",
        "contentHash": "iPQgXDQKyLsP8UZKUJKIrK5KUcObLEypeEfQH4aRwcRid2m5wXVaTbD5x4lEOugywmSTHkzxl44a8gZKhfy7vg==",
        "dependencies": {
          "Google.Protobuf": "3.30.2",
          "Grpc.Core.Api": "2.71.0"
        }
      },
      "Grpc.Tools": {
        "type": "Transitive",
        "resolved": "2.71.0",
        "contentHash": "r8zHZm7kHdMrtujnkcuQ0BNDH2969at/8Va1ZzQgVblaQzR7tm8JlA3G+5Z5IFbvvf9PcAr1/VcoSR+g7j4Nyw=="
      },
      "Microsoft.AspNetCore.Authorization": {
        "type": "Transitive",
        "resolved": "9.0.10",
        "contentHash": "odY40/4vXt1tHeuc89zjEPfx0i0c2jurKW9r884v92i6BGasJkCKTtnIGIREBqnTn+HB4uZLipOdWG/GczQwnQ==",
        "dependencies": {
          "Microsoft.AspNetCore.Metadata": "9.0.10",
          "Microsoft.Extensions.Logging.Abstractions": "9.0.10",
          "Microsoft.Extensions.Options": "9.0.10"
        }
      },
      "Microsoft.AspNetCore.Components": {
        "type": "Transitive",
        "resolved": "9.0.10",
        "contentHash": "yodHFmpceXlUrWJ53OgzWyoZWvxNFtz8pGAeDXYenZau1UD5nR2uNGMt1QeeA/3LwysnR1JehndthS587P5GrQ==",
        "dependencies": {
          "Microsoft.AspNetCore.Authorization": "9.0.10",
          "Microsoft.AspNetCore.Components.Analyzers": "9.0.10"
        }
      },
      "Microsoft.AspNetCore.Components.Analyzers": {
        "type": "Transitive",
        "resolved": "9.0.10",
        "contentHash": "VWSbgP3XaUYdt8JwUOOyx64JI6dLgClYRyiJ6+XcuC/2OW0eKSee3VJwq/1jutZqkAzyBjQ/gpDw7BXmbhrlVA=="
      },
      "Microsoft.AspNetCore.Components.Forms": {
        "type": "Transitive",
        "resolved": "9.0.10",
        "contentHash": "wVyZxxu8C/P0h4QifYEsVJ4AGWOd9oPtmHa0cUbG43JJ8p1oDu9pvZucJc0MjE7GlX/vmr/HntyvkGN9geL6cg==",
        "dependencies": {
          "Microsoft.AspNetCore.Components": "9.0.10"
        }
      },
      "Microsoft.AspNetCore.Components.Web": {
        "type": "Transitive",
        "resolved": "9.0.10",
        "contentHash": "1yay2fD17JGdSx/U1eeke8ONd0xuJJgpYVk0OKpOaomULRPAP/XTk4IUb4JNpoVhKEoM25y7R/RSXO2So7YTBA==",
        "dependencies": {
          "Microsoft.AspNetCore.Components": "9.0.10",
          "Microsoft.AspNetCore.Components.Forms": "9.0.10",
          "Microsoft.Extensions.DependencyInjection": "9.0.10",
          "Microsoft.Extensions.Primitives": "9.0.10",
          "Microsoft.JSInterop": "9.0.10"
        }
      },
      "Microsoft.AspNetCore.Metadata": {
        "type": "Transitive",
        "resolved": "9.0.10",
        "contentHash": "JY5XyecFnIvCMZrtUaI2IrZY/SYidTqTN7H+tXmXxdGlvRGGnf2uUKH47MJu9poJ/raK4SWK5uZQwhd21T2WFw=="
      },
      "Microsoft.Bcl.AsyncInterfaces": {
        "type": "Transitive",
        "resolved": "8.0.0",
        "contentHash": "3WA9q9yVqJp222P3x1wYIGDAkpjAku0TMUaaQV22g6L67AI0LdOIrVS7Ht2vJfLHGSPVuqN94vIr15qn+HEkHw=="
      },
      "Microsoft.Bcl.Cryptography": {
        "type": "Transitive",
        "resolved": "9.0.4",
        "contentHash": "YgZYAWzyNuPVtPq6WNm0bqOWNjYaWgl5mBWTGZyNoXitYBUYSp6iUB9AwK0V1mo793qRJUXz2t6UZrWITZSvuQ=="
      },
      "Microsoft.Data.SqlClient.SNI.runtime": {
        "type": "Transitive",
        "resolved": "6.0.2",
        "contentHash": "f+pRODTWX7Y67jXO3T5S2dIPZ9qMJNySjlZT/TKmWVNWe19N8jcWmHaqHnnchaq3gxEKv1SWVY5EFzOD06l41w=="
      },
      "Microsoft.EntityFrameworkCore.Abstractions": {
        "type": "Transitive",
        "resolved": "9.0.10",
        "contentHash": "I3TWAs5Lbzmzu8S0T6qXhzBiO3CznYLrfE59W0npkqNHfWGH8CgA66LrHMWxWOXVTD4145QwYqiWNCdLwpJ1Ew=="
      },
      "Microsoft.EntityFrameworkCore.Analyzers": {
        "type": "Transitive",
        "resolved": "9.0.10",
        "contentHash": "mXNl0Gg3l3zGrClLCHepB+b7rYVuFfB9qQJwya0dUSHFuR1T0jMD8KxuNVyhQSfoWIepanhzjcG8TUNGXOcU0Q=="
      },
      "Microsoft.EntityFrameworkCore.Relational": {
        "type": "Transitive",
        "resolved": "9.0.10",
        "contentHash": "IJNrG5vdmFUvHR8FLLFg9AWpuE8qW1DTEN+fNLGbNTu6cnpZzzqU6+aknAGtTSAEVWosJ3BZ3TOO9wpifUvv3A==",
        "dependencies": {
          "Microsoft.EntityFrameworkCore": "9.0.10",
          "Microsoft.Extensions.Caching.Memory": "9.0.10",
          "Microsoft.Extensions.Configuration.Abstractions": "9.0.10",
          "Microsoft.Extensions.Logging": "9.0.10"
        }
      },
      "Microsoft.Extensions.ApiDescription.Server": {
        "type": "Transitive",
        "resolved": "9.0.0",
        "contentHash": "1Kzzf7pRey40VaUkHN9/uWxrKVkLu2AQjt+GVeeKLLpiEHAJ1xZRsLSh4ZZYEnyS7Kt2OBOPmsXNdU+wbcOl5w=="
      },
      "Microsoft.Extensions.Caching.Abstractions": {
        "type": "Transitive",
        "resolved": "9.0.10",
        "contentHash": "cL6iTxgJ4u5zP3eFOdBiDAtmE/B2WKTRhyJfEne7n6qvHpsMwwIDxljs210mWSO1ucBy7lR1Lo7/7kjeZeLcqQ==",
        "dependencies": {
          "Microsoft.Extensions.Primitives": "9.0.10"
        }
      },
      "Microsoft.Extensions.Caching.Memory": {
        "type": "Transitive",
        "resolved": "9.0.10",
        "contentHash": "2iuzwIoCoqZJfH2VLk1xvlQS4PQDEuhj4dWiGb+Qpt1vHFHyffp497cTO6ucsV54W/h4JmM1vzDBv8pVAFazZg==",
        "dependencies": {
          "Microsoft.Extensions.Caching.Abstractions": "9.0.10",
          "Microsoft.Extensions.DependencyInjection.Abstractions": "9.0.10",
          "Microsoft.Extensions.Logging.Abstractions": "9.0.10",
          "Microsoft.Extensions.Options": "9.0.10",
          "Microsoft.Extensions.Primitives": "9.0.10"
        }
      },
      "Microsoft.Extensions.Configuration": {
        "type": "Transitive",
        "resolved": "9.0.0",
        "contentHash": "YIMO9T3JL8MeEXgVozKt2v79hquo/EFtnY0vgxmLnUvk1Rei/halI7kOWZL2RBeV9FMGzgM9LZA8CVaNwFMaNA==",
        "dependencies": {
          "Microsoft.Extensions.Configuration.Abstractions": "9.0.0",
          "Microsoft.Extensions.Primitives": "9.0.0"
        }
      },
      "Microsoft.Extensions.Configuration.Abstractions": {
        "type": "Transitive",
        "resolved": "9.0.10",
        "contentHash": "ad3JxmFj0uxuFa1CT6oxTCC1lQ0xeRuOvzBRFT/I/ofIXVOnNsH/v2GZkAJWhlpZqKUvSexQZzp3EEAB2CdtJg==",
        "dependencies": {
          "Microsoft.Extensions.Primitives": "9.0.10"
        }
      },
      "Microsoft.Extensions.Configuration.Binder": {
        "type": "Transitive",
        "resolved": "9.0.10",
        "contentHash": "D6Kng+9I+w1SQPxJybc6wzw9nnnyUQPutycjtI0svv1RHaWOpUk9PPlwIRfhhoQZ3yihejkEI2wNv/7VnVtkGA==",
        "dependencies": {
          "Microsoft.Extensions.Configuration.Abstractions": "9.0.10"
        }
      },
      "Microsoft.Extensions.DependencyInjection": {
        "type": "Transitive",
        "resolved": "9.0.10",
        "contentHash": "iEtXCkNd5XhjNJAOb/wO4IhDRdLIE2CsPxZggZQWJ/q2+sa8dmEPC393nnsiqdH8/4KV8Xn25IzgKPR1UEQ0og==",
        "dependencies": {
          "Microsoft.Extensions.DependencyInjection.Abstractions": "9.0.10"
        }
      },
      "Microsoft.Extensions.DependencyInjection.Abstractions": {
        "type": "Transitive",
        "resolved": "9.0.10",
        "contentHash": "r9waLiOPe9ZF1PvzUT+RDoHvpMmY8MW+lb4lqjYGObwKpnyPMLI3odVvlmshwuZcdoHynsGWOrCPA0hxZ63lIA=="
      },
      "Microsoft.Extensions.Diagnostics.Abstractions": {
        "type": "Transitive",
        "resolved": "9.0.10",
        "contentHash": "iwVnYi+gNKrr5riw8YFCoLCN4s0dmHtzfUmV99RIhrz8R4d6C/bsKzXhIhZWDIxJOhVzB+idSOQeRGj1/oMF+Q==",
        "dependencies": {
          "Microsoft.Extensions.DependencyInjection.Abstractions": "9.0.10",
          "Microsoft.Extensions.Options": "9.0.10"
        }
      },
      "Microsoft.Extensions.Diagnostics.HealthChecks": {
        "type": "Transitive",
        "resolved": "9.0.10",
        "contentHash": "4R5RmjAb6IzfNBIQRLWEx8pXktg3CufPw7TotU6eHzFA6o7v2kEI/MfaNsvDjprZC+tCSPvmMKb3R25RuJpCGg==",
        "dependencies": {
          "Microsoft.Extensions.Diagnostics.HealthChecks.Abstractions": "9.0.10",
          "Microsoft.Extensions.Hosting.Abstractions": "9.0.10",
          "Microsoft.Extensions.Logging.Abstractions": "9.0.10",
          "Microsoft.Extensions.Options": "9.0.10"
        }
      },
      "Microsoft.Extensions.Diagnostics.HealthChecks.Abstractions": {
        "type": "Transitive",
        "resolved": "9.0.10",
        "contentHash": "oAtETy4DYsuPwWwFoemOb/lmnaJor8fLvfOnCwWJhg1W250nZBHbMe5QfFLK7hkIrNSOi58Uz1R2ZFw4AoPM4g=="
      },
      "Microsoft.Extensions.FileProviders.Abstractions": {
        "type": "Transitive",
        "resolved": "9.0.10",
        "contentHash": "3+cLxZKUWBbpfIXLLuKcEok9C91PsV1h5xxfUsEnLSXXLNMiPDfrhpb1xajNFcejFPs9Ck/Fi3z71hYDqFBwYg==",
        "dependencies": {
          "Microsoft.Extensions.Primitives": "9.0.10"
        }
      },
      "Microsoft.Extensions.Hosting.Abstractions": {
        "type": "Transitive",
        "resolved": "9.0.10",
        "contentHash": "spfXydiEQENFwxdgr3Y57wwys/FRjfmq5VjHGPh6ct1FJK7X+qNEWYbnZJCMqq0B0oJTMvnItAReOv4mi2Idog==",
        "dependencies": {
          "Microsoft.Extensions.Configuration.Abstractions": "9.0.10",
          "Microsoft.Extensions.DependencyInjection.Abstractions": "9.0.10",
          "Microsoft.Extensions.Diagnostics.Abstractions": "9.0.10",
          "Microsoft.Extensions.FileProviders.Abstractions": "9.0.10",
          "Microsoft.Extensions.Logging.Abstractions": "9.0.10"
        }
      },
      "Microsoft.Extensions.Http": {
        "type": "Transitive",
        "resolved": "6.0.0",
        "contentHash": "15+pa2G0bAMHbHewaQIdr/y6ag2H3yh4rd9hTXavtWDzQBkvpe2RMqFg8BxDpcQWssmjmBApGPcw93QRz6YcMg==",
        "dependencies": {
          "Microsoft.Extensions.DependencyInjection.Abstractions": "6.0.0",
          "Microsoft.Extensions.Logging": "6.0.0",
          "Microsoft.Extensions.Logging.Abstractions": "6.0.0",
          "Microsoft.Extensions.Options": "6.0.0"
        }
      },
      "Microsoft.Extensions.Logging": {
        "type": "Transitive",
        "resolved": "9.0.10",
        "contentHash": "UBXHqE9vyptVhaFnT1R7YJKCve7TqVI10yjjUZBNGMlW2lZ4c031Slt9hxsOzWCzlpPxxIFyf1Yk4a6Iubxx7w==",
        "dependencies": {
          "Microsoft.Extensions.DependencyInjection": "9.0.10",
          "Microsoft.Extensions.Logging.Abstractions": "9.0.10",
          "Microsoft.Extensions.Options": "9.0.10"
        }
      },
      "Microsoft.Extensions.Logging.Abstractions": {
        "type": "Transitive",
        "resolved": "9.0.10",
        "contentHash": "MFUPv/nN1rAQ19w43smm6bbf0JDYN/1HEPHoiMYY50pvDMFpglzWAuoTavByDmZq7UuhjaxwrET3joU69ZHoHQ==",
        "dependencies": {
          "Microsoft.Extensions.DependencyInjection.Abstractions": "9.0.10"
        }
      },
      "Microsoft.Extensions.Logging.Configuration": {
        "type": "Transitive",
        "resolved": "9.0.0",
        "contentHash": "H05HiqaNmg6GjH34ocYE9Wm1twm3Oz2aXZko8GTwGBzM7op2brpAA8pJ5yyD1OpS1mXUtModBYOlcZ/wXeWsSg==",
        "dependencies": {
          "Microsoft.Extensions.Configuration": "9.0.0",
          "Microsoft.Extensions.Configuration.Abstractions": "9.0.0",
          "Microsoft.Extensions.Configuration.Binder": "9.0.0",
          "Microsoft.Extensions.DependencyInjection.Abstractions": "9.0.0",
          "Microsoft.Extensions.Logging": "9.0.0",
          "Microsoft.Extensions.Logging.Abstractions": "9.0.0",
          "Microsoft.Extensions.Options": "9.0.0",
          "Microsoft.Extensions.Options.ConfigurationExtensions": "9.0.0"
        }
      },
      "Microsoft.Extensions.Options": {
        "type": "Transitive",
        "resolved": "9.0.10",
        "contentHash": "zMNABt8eBv0B0XrWjFy9nZNgddavaOeq3ZdaD5IlHhRH65MrU7HM+Hd8GjWE3e2VDGFPZFfSAc6XVXC17f9fOA==",
        "dependencies": {
          "Microsoft.Extensions.DependencyInjection.Abstractions": "9.0.10",
          "Microsoft.Extensions.Primitives": "9.0.10"
        }
      },
      "Microsoft.Extensions.Options.ConfigurationExtensions": {
        "type": "Transitive",
        "resolved": "9.0.10",
        "contentHash": "wLsf2TyVFFxWQPv0PRJj365it1ngIt8utlHJWSZ9OJ2k+NDa/PtBIRsGlF/NkoLwm1m+1vOePNl2MiKfk6lYfQ==",
        "dependencies": {
          "Microsoft.Extensions.Configuration.Abstractions": "9.0.10",
          "Microsoft.Extensions.Configuration.Binder": "9.0.10",
          "Microsoft.Extensions.DependencyInjection.Abstractions": "9.0.10",
          "Microsoft.Extensions.Options": "9.0.10",
          "Microsoft.Extensions.Primitives": "9.0.10"
        }
      },
      "Microsoft.Extensions.Options.DataAnnotations": {
        "type": "Transitive",
        "resolved": "9.0.10",
        "contentHash": "K6dBR5pwGzh4yIRbhvr5EFtW/KFDg2y19LJGvzW4SQKzUKV56KAeCLXuDAK7AwGITj1o0lY3xjGlrgbuuy0BkA==",
        "dependencies": {
          "Microsoft.Extensions.DependencyInjection.Abstractions": "9.0.10",
          "Microsoft.Extensions.Options": "9.0.10"
        }
      },
      "Microsoft.Extensions.Primitives": {
        "type": "Transitive",
        "resolved": "9.0.10",
        "contentHash": "3pl8D1O5ZwMpDkZAT2uXrhQ6NipkwEgDLMFuURiHTf72TvkoMP61QYH3Vk1yrzVHnHBdNZk3cQACz8Zc7YGNhQ=="
      },
      "Microsoft.Identity.Client": {
        "type": "Transitive",
        "resolved": "4.73.1",
        "contentHash": "NnDLS8QwYqO5ZZecL2oioi1LUqjh5Ewk4bMLzbgiXJbQmZhDLtKwLxL3DpGMlQAJ2G4KgEnvGPKa+OOgffeJbw==",
        "dependencies": {
          "Microsoft.IdentityModel.Abstractions": "6.35.0",
          "System.Diagnostics.DiagnosticSource": "6.0.1"
        }
      },
      "Microsoft.Identity.Client.Extensions.Msal": {
        "type": "Transitive",
        "resolved": "4.73.1",
        "contentHash": "xDztAiV2F0wI0W8FLKv5cbaBefyLD6JVaAsvgSN7bjWNCzGYzHbcOEIP5s4TJXUpQzMfUyBsFl1mC6Zmgpz0PQ==",
        "dependencies": {
          "Microsoft.Identity.Client": "4.73.1",
          "System.Security.Cryptography.ProtectedData": "4.5.0"
        }
      },
      "Microsoft.IdentityModel.Abstractions": {
        "type": "Transitive",
        "resolved": "7.7.1",
        "contentHash": "S7sHg6gLg7oFqNGLwN1qSbJDI+QcRRj8SuJ1jHyCmKSipnF6ZQL+tFV2NzVfGj/xmGT9TykQdQiBN+p5Idl4TA=="
      },
      "Microsoft.IdentityModel.JsonWebTokens": {
        "type": "Transitive",
        "resolved": "7.7.1",
        "contentHash": "3Izi75UCUssvo8LPx3OVnEeZay58qaFicrtSnbtUt7q8qQi0gy46gh4V8VUTkMVMKXV6VMyjBVmeNNgeCUJuIw==",
        "dependencies": {
          "Microsoft.IdentityModel.Tokens": "7.7.1"
        }
      },
      "Microsoft.IdentityModel.Logging": {
        "type": "Transitive",
        "resolved": "7.7.1",
        "contentHash": "BZNgSq/o8gsKExdYoBKPR65fdsxW0cTF8PsdqB8y011AGUJJW300S/ZIsEUD0+sOmGc003Gwv3FYbjrVjvsLNQ==",
        "dependencies": {
          "Microsoft.IdentityModel.Abstractions": "7.7.1"
        }
      },
      "Microsoft.IdentityModel.Protocols": {
        "type": "Transitive",
        "resolved": "7.7.1",
        "contentHash": "h+fHHBGokepmCX+QZXJk4Ij8OApCb2n2ktoDkNX5CXteXsOxTHMNgjPGpAwdJMFvAL7TtGarUnk3o97NmBq2QQ==",
        "dependencies": {
          "Microsoft.IdentityModel.Tokens": "7.7.1"
        }
      },
      "Microsoft.IdentityModel.Protocols.OpenIdConnect": {
        "type": "Transitive",
        "resolved": "7.7.1",
        "contentHash": "yT2Hdj8LpPbcT9C9KlLVxXl09C8zjFaVSaApdOwuecMuoV4s6Sof/mnTDz/+F/lILPIBvrWugR9CC7iRVZgbfQ==",
        "dependencies": {
          "Microsoft.IdentityModel.Protocols": "7.7.1",
          "System.IdentityModel.Tokens.Jwt": "7.7.1"
        }
      },
      "Microsoft.IdentityModel.Tokens": {
        "type": "Transitive",
        "resolved": "7.7.1",
        "contentHash": "fQ0VVCba75lknUHGldi3iTKAYUQqbzp1Un8+d9cm9nON0Gs8NAkXddNg8iaUB0qi/ybtAmNWizTR4avdkCJ9pQ==",
        "dependencies": {
          "Microsoft.IdentityModel.Logging": "7.7.1"
        }
      },
      "Microsoft.JSInterop": {
        "type": "Transitive",
        "resolved": "9.0.10",
        "contentHash": "+Zxxwp8rspdxq6uIkaEtqWW/vljDr2tLiLuhPUYV0+CzeuFpuwcKJ95iz6L9xbakxqjZN3WjmJBtqWZfB+zC5A=="
      },
      "Microsoft.OpenApi": {
        "type": "Transitive",
        "resolved": "1.6.25",
        "contentHash": "ZahSqNGtNV7N0JBYS/IYXPkLVexL/AZFxo6pqxv6A7Uli7Q7zfitNjkaqIcsV73Ukzxi4IlJdyDgcQiMXiH8cw=="
      },
      "Microsoft.SqlServer.Server": {
        "type": "Transitive",
        "resolved": "1.0.0",
        "contentHash": "N4KeF3cpcm1PUHym1RmakkzfkEv3GRMyofVv40uXsQhCQeglr2OHNcUk2WOG51AKpGO8ynGpo9M/kFXSzghwug=="
      },
      "Newtonsoft.Json": {
        "type": "Transitive",
        "resolved": "13.0.2",
        "contentHash": "R2pZ3B0UjeyHShm9vG+Tu0EBb2lC8b0dFzV9gVn50ofHXh9Smjk6kTn7A/FdAsC8B5cKib1OnGYOXxRBz5XQDg=="
      },
      "OpenTelemetry": {
        "type": "Transitive",
        "resolved": "1.13.1",
        "contentHash": "rrM2NlZ0Xla2Ar8zzU09n+HoLFq8b+Kjx7vrmR0tdYfWLYWGNcXHOITXUiyaK8RrFEceMEoF45VBsaf4QPmKcg==",
        "dependencies": {
          "Microsoft.Extensions.Diagnostics.Abstractions": "9.0.0",
          "Microsoft.Extensions.Logging.Configuration": "9.0.0",
          "OpenTelemetry.Api.ProviderBuilderExtensions": "1.13.1"
        }
      },
      "OpenTelemetry.Api": {
        "type": "Transitive",
        "resolved": "1.13.1",
        "contentHash": "tieglRERo7Rgu8oE8aamnuXCMPEW5fXIqO5ngTMCNk9pOEXanc0SdQ86ZAD1goNiGcjWHn+P3WMZp0FZSJgCoQ==",
        "dependencies": {
          "System.Diagnostics.DiagnosticSource": "9.0.0"
        }
      },
      "OpenTelemetry.Api.ProviderBuilderExtensions": {
        "type": "Transitive",
        "resolved": "1.13.1",
        "contentHash": "x8QXMsrIyp+XzDUFQAM+C4upAPNbwaBIPjTWEoonziWAav6weS8OxsMKrE4wz7Zly8ATlsoxk0mWZ+PHO3Wg0w==",
        "dependencies": {
          "Microsoft.Extensions.DependencyInjection.Abstractions": "9.0.0",
          "OpenTelemetry.Api": "1.13.1"
        }
      },
      "OpenTelemetry.Instrumentation.GrpcNetClient": {
        "type": "Transitive",
        "resolved": "1.13.0-beta.1",
        "contentHash": "+Z/7MLonkmxOuoKHMUPxUYbnLZGpzT+uq+BUta76KR7qOYSWt01Mx5Yeo93shDWKqVGofH5s0egtl3fogsefTw==",
        "dependencies": {
          "OpenTelemetry": "[1.13.1, 2.0.0)"
        }
      },
      "Pipelines.Sockets.Unofficial": {
        "type": "Transitive",
        "resolved": "2.2.8",
        "contentHash": "zG2FApP5zxSx6OcdJQLbZDk2AVlN2BNQD6MorwIfV6gVj0RRxWPEp2LXAxqDGZqeNV1Zp0BNPcNaey/GXmTdvQ==",
        "dependencies": {
          "System.IO.Pipelines": "5.0.1"
        }
      },
      "Polly.Core": {
        "type": "Transitive",
        "resolved": "8.6.4",
        "contentHash": "4AWqYnQ2TME0E+Mzovt1Uu+VyvpR84ymUldMcPw7Mbj799Phaag14CKrMtlJGx5jsvYP+S3oR1QmysgmXoD5cw=="
      },
      "StackExchange.Redis": {
        "type": "Transitive",
        "resolved": "2.7.27",
        "contentHash": "Uqc2OQHglqj9/FfGQ6RkKFkZfHySfZlfmbCl+hc+u2I/IqunfelQ7QJi7ZhvAJxUtu80pildVX6NPLdDaUffOw==",
        "dependencies": {
          "Microsoft.Extensions.Logging.Abstractions": "6.0.0",
          "Pipelines.Sockets.Unofficial": "2.2.8"
        }
      },
      "Swashbuckle.AspNetCore.Swagger": {
        "type": "Transitive",
        "resolved": "9.0.6",
        "contentHash": "Bgyc8rWRAYwDrzjVHGbavvNE38G1Dfgf1McHYm+WUr4TxkvEAXv8F8B1z3Kmz4BkDCKv9A/1COa2t7+Ri5+pLg==",
        "dependencies": {
          "Microsoft.OpenApi": "1.6.25"
        }
      },
      "Swashbuckle.AspNetCore.SwaggerGen": {
        "type": "Transitive",
        "resolved": "9.0.6",
        "contentHash": "yYrDs5qpIa4UXP+a02X0ZLQs6HSd1C8t6hF6J1fnxoawi3PslJg1yUpLBS89HCbrDACzmwEGG25il+8aa0zdnw==",
        "dependencies": {
          "Swashbuckle.AspNetCore.Swagger": "9.0.6"
        }
      },
      "Swashbuckle.AspNetCore.SwaggerUI": {
        "type": "Transitive",
        "resolved": "9.0.6",
        "contentHash": "WGsw/Yop9b16miq8TQd4THxuEgkP5cH3+DX93BrX9m0OdPcKNtg2nNm77WQSAsA+Se+M0bTiu8bUyrruRSeS5g=="
      },
      "System.ClientModel": {
        "type": "Transitive",
        "resolved": "1.5.1",
        "contentHash": "k2jKSO0X45IqhVOT9iQB4xralNN9foRQsRvXBTyRpAVxyzCJlG895T9qYrQWbcJ6OQXxOouJQ37x5nZH5XKK+A==",
        "dependencies": {
          "Microsoft.Extensions.Logging.Abstractions": "8.0.3",
          "System.Memory.Data": "8.0.1"
        }
      },
      "System.Configuration.ConfigurationManager": {
        "type": "Transitive",
        "resolved": "9.0.4",
        "contentHash": "dvjqKp+2LpGid6phzrdrS/2mmEPxFl3jE1+L7614q4ZChKbLJCpHXg6sBILlCCED1t//EE+un/UdAetzIMpqnw==",
        "dependencies": {
          "System.Diagnostics.EventLog": "9.0.4",
          "System.Security.Cryptography.ProtectedData": "9.0.4"
        }
      },
      "System.Diagnostics.DiagnosticSource": {
        "type": "Transitive",
        "resolved": "9.0.0",
        "contentHash": "ddppcFpnbohLWdYKr/ZeLZHmmI+DXFgZ3Snq+/E7SwcdW4UnvxmaugkwGywvGVWkHPGCSZjCP+MLzu23AL5SDw=="
      },
      "System.Diagnostics.EventLog": {
        "type": "Transitive",
        "resolved": "9.0.4",
        "contentHash": "getRQEXD8idlpb1KW56XuxImMy0FKp2WJPDf3Qr0kI/QKxxJSftqfDFVo0DZ3HCJRLU73qHSruv5q2l5O47jQQ=="
      },
      "System.Formats.Asn1": {
        "type": "Transitive",
        "resolved": "9.0.10",
        "contentHash": "RWiTJ02zR2+jGjNje7dbH0iI/D1JPHax+8ET5Y7vHVf/yeYY5eUPP8f8KbcbI3iisNs6x1yfAEB2H57mQ7hPIQ=="
      },
      "System.IdentityModel.Tokens.Jwt": {
        "type": "Transitive",
        "resolved": "7.7.1",
        "contentHash": "rQkO1YbAjLwnDJSMpRhRtrc6XwIcEOcUvoEcge+evurpzSZM3UNK+MZfD3sKyTlYsvknZ6eJjSBfnmXqwOsT9Q==",
        "dependencies": {
          "Microsoft.IdentityModel.JsonWebTokens": "7.7.1",
          "Microsoft.IdentityModel.Tokens": "7.7.1"
        }
      },
      "System.IO.Pipelines": {
        "type": "Transitive",
        "resolved": "5.0.1",
        "contentHash": "qEePWsaq9LoEEIqhbGe6D5J8c9IqQOUuTzzV6wn1POlfdLkJliZY3OlB0j0f17uMWlqZYjH7txj+2YbyrIA8Yg=="
      },
      "System.Memory": {
        "type": "Transitive",
        "resolved": "4.5.5",
        "contentHash": "XIWiDvKPXaTveaB7HVganDlOCRoj03l+jrwNvcge/t8vhGYKvqV+dMv6G4SAX2NoNmN0wZfVPTAlFwZcZvVOUw=="
      },
      "System.Memory.Data": {
        "type": "Transitive",
        "resolved": "8.0.1",
        "contentHash": "BVYuec3jV23EMRDeR7Dr1/qhx7369dZzJ9IWy2xylvb4YfXsrUxspWc4UWYid/tj4zZK58uGZqn2WQiaDMhmAg=="
      },
      "System.Security.Cryptography.Pkcs": {
        "type": "Transitive",
        "resolved": "9.0.4",
        "contentHash": "cUFTcMlz/Qw9s90b2wnWSCvHdjv51Bau9FQqhsr4TlwSe1OX+7SoXUqphis5G74MLOvMOCghxPPlEqOdCrVVGA=="
      },
      "System.Security.Cryptography.ProtectedData": {
        "type": "Transitive",
        "resolved": "9.0.4",
        "contentHash": "o94k2RKuAce3GeDMlUvIXlhVa1kWpJw95E6C9LwW0KlG0nj5+SgCiIxJ2Eroqb9sLtG1mEMbFttZIBZ13EJPvQ=="
      },
      "System.Text.Json": {
        "type": "Transitive",
        "resolved": "9.0.10",
        "contentHash": "XM02ZBnzxk7Ti6l9YRy8Bp639wANqJzJzw4W4VYiCh+HXY9hBOWkGB4k89OLP/s/RxgM02P4a/mWcJTgFiLf1Q=="
      },
      "af.ect.data": {
        "type": "Project",
        "dependencies": {
          "AF.ECT.Shared": "[1.0.0, )",
          "Microsoft.Data.SqlClient": "[6.1.2, )",
          "Microsoft.EntityFrameworkCore": "[9.0.10, )",
          "Microsoft.EntityFrameworkCore.Relational": "[9.0.10, )",
          "Microsoft.EntityFrameworkCore.SqlServer": "[9.0.10, )"
        }
      },
      "af.ect.shared": {
        "type": "Project",
        "dependencies": {
          "Audit.NET": "[31.0.2, )",
          "Google.Api.CommonProtos": "[2.17.0, )",
          "Google.Protobuf": "[3.33.0, )",
          "Grpc.Net.Client": "[2.71.0, )",
          "Microsoft.Extensions.Configuration.Abstractions": "[9.0.10, )",
          "Microsoft.Extensions.Logging": "[9.0.10, )",
          "Microsoft.Extensions.Logging.Abstractions": "[9.0.10, )",
          "Microsoft.Extensions.Options": "[9.0.10, )",
          "Microsoft.Extensions.Options.ConfigurationExtensions": "[9.0.10, )",
          "Microsoft.Extensions.Options.DataAnnotations": "[9.0.10, )",
          "OpenTelemetry.Exporter.OpenTelemetryProtocol": "[1.13.1, )",
          "OpenTelemetry.Extensions.Hosting": "[1.13.1, )",
          "OpenTelemetry.Instrumentation.GrpcNetClient": "[1.13.0-beta.1, )",
          "Polly": "[8.6.4, )"
        }
      }
    }
  }
}