{
  "version": 1,
  "dependencies": {
    "net9.0": {
      "Audit.NET": {
        "type": "Direct",
        "requested": "[31.0.2, )",
        "resolved": "31.0.2",
        "contentHash": "7hUtCEUJ6lChh513AEkI0z086uN4sW4zHetKD4FF/2w2uxslSjbStK5K9Fvvqf65d5qR26ewvoFkAcxpfDeIAg=="
      },
      "Google.Api.CommonProtos": {
        "type": "Direct",
        "requested": "[2.17.0, )",
        "resolved": "2.17.0",
        "contentHash": "elfQPknFr495hm7vdy6ZlgyQh6yzZq9TU7sS35L/Fj/fqjM/mUGau9gVJLhvQEtUlPjtR80hpn/m9HvBMyCXIw==",
        "dependencies": {
          "Google.Protobuf": "[3.31.1, 4.0.0]"
        }
      },
      "Google.Protobuf": {
        "type": "Direct",
        "requested": "[3.33.0, )",
        "resolved": "3.33.0",
        "contentHash": "+kIa03YipuiSDeRuZwcDcXS1xBQAFeGLIjuLbgJr2i+TlwBPYAqdnQZJ2SDVzIgDyy+q+n/400WyWyrJ5ZqCgQ=="
      },
      "Grpc.Net.Client": {
        "type": "Direct",
        "requested": "[2.71.0, )",
        "resolved": "2.71.0",
        "contentHash": "U1vr20r5ngoT9nlb7wejF28EKN+taMhJsV9XtK9MkiepTZwnKxxiarriiMfCHuDAfPUm9XUjFMn/RIuJ4YY61w==",
        "dependencies": {
          "Grpc.Net.Common": "2.71.0",
          "Microsoft.Extensions.Logging.Abstractions": "6.0.0"
        }
      },
      "Grpc.Tools": {
        "type": "Direct",
        "requested": "[2.72.0, )",
        "resolved": "2.72.0",
        "contentHash": "BCiuQ03EYjLHCo9hqZmY5barsz5vvcz/+/ICt5wCbukaePHZmMPDGelKlkxWx3q+f5xOMNHa9zXQ2N6rQZ4B+w=="
      },
      "Microsoft.Extensions.Configuration.Abstractions": {
        "type": "Direct",
        "requested": "[9.0.10, )",
        "resolved": "9.0.10",
        "contentHash": "ad3JxmFj0uxuFa1CT6oxTCC1lQ0xeRuOvzBRFT/I/ofIXVOnNsH/v2GZkAJWhlpZqKUvSexQZzp3EEAB2CdtJg==",
        "dependencies": {
          "Microsoft.Extensions.Primitives": "9.0.10"
        }
      },
      "Microsoft.Extensions.Logging": {
        "type": "Direct",
        "requested": "[9.0.10, )",
        "resolved": "9.0.10",
        "contentHash": "UBXHqE9vyptVhaFnT1R7YJKCve7TqVI10yjjUZBNGMlW2lZ4c031Slt9hxsOzWCzlpPxxIFyf1Yk4a6Iubxx7w==",
        "dependencies": {
          "Microsoft.Extensions.DependencyInjection": "9.0.10",
          "Microsoft.Extensions.Logging.Abstractions": "9.0.10",
          "Microsoft.Extensions.Options": "9.0.10"
        }
      },
      "Microsoft.Extensions.Logging.Abstractions": {
        "type": "Direct",
        "requested": "[9.0.10, )",
        "resolved": "9.0.10",
        "contentHash": "MFUPv/nN1rAQ19w43smm6bbf0JDYN/1HEPHoiMYY50pvDMFpglzWAuoTavByDmZq7UuhjaxwrET3joU69ZHoHQ==",
        "dependencies": {
          "Microsoft.Extensions.DependencyInjection.Abstractions": "9.0.10"
        }
      },
      "Microsoft.Extensions.Options": {
        "type": "Direct",
        "requested": "[9.0.10, )",
        "resolved": "9.0.10",
        "contentHash": "zMNABt8eBv0B0XrWjFy9nZNgddavaOeq3ZdaD5IlHhRH65MrU7HM+Hd8GjWE3e2VDGFPZFfSAc6XVXC17f9fOA==",
        "dependencies": {
          "Microsoft.Extensions.DependencyInjection.Abstractions": "9.0.10",
          "Microsoft.Extensions.Primitives": "9.0.10"
        }
      },
      "Microsoft.Extensions.Options.ConfigurationExtensions": {
        "type": "Direct",
        "requested": "[9.0.10, )",
        "resolved": "9.0.10",
        "contentHash": "wLsf2TyVFFxWQPv0PRJj365it1ngIt8utlHJWSZ9OJ2k+NDa/PtBIRsGlF/NkoLwm1m+1vOePNl2MiKfk6lYfQ==",
        "dependencies": {
          "Microsoft.Extensions.Configuration.Abstractions": "9.0.10",
          "Microsoft.Extensions.Configuration.Binder": "9.0.10",
          "Microsoft.Extensions.DependencyInjection.Abstractions": "9.0.10",
          "Microsoft.Extensions.Options": "9.0.10",
          "Microsoft.Extensions.Primitives": "9.0.10"
        }
      },
      "Microsoft.Extensions.Options.DataAnnotations": {
        "type": "Direct",
        "requested": "[9.0.10, )",
        "resolved": "9.0.10",
        "contentHash": "K6dBR5pwGzh4yIRbhvr5EFtW/KFDg2y19LJGvzW4SQKzUKV56KAeCLXuDAK7AwGITj1o0lY3xjGlrgbuuy0BkA==",
        "dependencies": {
          "Microsoft.Extensions.DependencyInjection.Abstractions": "9.0.10",
          "Microsoft.Extensions.Options": "9.0.10"
        }
      },
      "OpenTelemetry.Exporter.OpenTelemetryProtocol": {
        "type": "Direct",
        "requested": "[1.13.1, )",
        "resolved": "1.13.1",
        "contentHash": "WFqOpqMkjd8lM/asQRgfLP72UCqThQIGoylDgoYR8x0Bh9UCrdmBJCDU4pVZgI9CtSq1sWXeQuUsRXAl5U4yKg==",
        "dependencies": {
          "OpenTelemetry": "1.13.1"
        }
      },
      "OpenTelemetry.Extensions.Hosting": {
        "type": "Direct",
        "requested": "[1.13.1, )",
        "resolved": "1.13.1",
        "contentHash": "gULeizu0WH4YxnVltLO/Ml12aGxpk2Qrz3dm3MUgohQ/Y8HsGDzuAhawEP1eas6dMO61PJta1dy6KqNbVIJQyw==",
        "dependencies": {
          "Microsoft.Extensions.Hosting.Abstractions": "9.0.0",
          "OpenTelemetry": "1.13.1"
        }
      },
      "OpenTelemetry.Instrumentation.GrpcNetClient": {
        "type": "Direct",
        "requested": "[1.13.0-beta.1, )",
        "resolved": "1.13.0-beta.1",
        "contentHash": "+Z/7MLonkmxOuoKHMUPxUYbnLZGpzT+uq+BUta76KR7qOYSWt01Mx5Yeo93shDWKqVGofH5s0egtl3fogsefTw==",
        "dependencies": {
          "OpenTelemetry": "[1.13.1, 2.0.0)"
        }
      },
      "Polly": {
        "type": "Direct",
        "requested": "[8.6.4, )",
        "resolved": "8.6.4",
        "contentHash": "uuBsDoBw0oYrMe3uTWRjkT2sIkKh+ZZnnDrLb4Z+QANfeA4+7FJacx6E8CY5GAxXRoSgFrvUADEAQ7DPF6fGiw==",
        "dependencies": {
          "Polly.Core": "8.6.4"
        }
      },
      "Grpc.Core.Api": {
        "type": "Transitive",
        "resolved": "2.71.0",
        "contentHash": "QquqUC37yxsDzd1QaDRsH2+uuznWPTS8CVE2Yzwl3CvU4geTNkolQXoVN812M2IwT6zpv3jsZRc9ExJFNFslTg=="
      },
      "Grpc.Net.Common": {
        "type": "Transitive",
        "resolved": "2.71.0",
        "contentHash": "v0c8R97TwRYwNXlC8GyRXwYTCNufpDfUtj9la+wUrZFzVWkFJuNAltU+c0yI3zu0jl54k7en6u2WKgZgd57r2Q==",
        "dependencies": {
          "Grpc.Core.Api": "2.71.0"
        }
      },
      "Microsoft.Extensions.Configuration": {
        "type": "Transitive",
        "resolved": "9.0.0",
        "contentHash": "YIMO9T3JL8MeEXgVozKt2v79hquo/EFtnY0vgxmLnUvk1Rei/halI7kOWZL2RBeV9FMGzgM9LZA8CVaNwFMaNA==",
        "dependencies": {
          "Microsoft.Extensions.Configuration.Abstractions": "9.0.0",
          "Microsoft.Extensions.Primitives": "9.0.0"
        }
      },
      "Microsoft.Extensions.Configuration.Binder": {
        "type": "Transitive",
        "resolved": "9.0.10",
        "contentHash": "D6Kng+9I+w1SQPxJybc6wzw9nnnyUQPutycjtI0svv1RHaWOpUk9PPlwIRfhhoQZ3yihejkEI2wNv/7VnVtkGA==",
        "dependencies": {
          "Microsoft.Extensions.Configuration.Abstractions": "9.0.10"
        }
      },
      "Microsoft.Extensions.DependencyInjection": {
        "type": "Transitive",
        "resolved": "9.0.10",
        "contentHash": "iEtXCkNd5XhjNJAOb/wO4IhDRdLIE2CsPxZggZQWJ/q2+sa8dmEPC393nnsiqdH8/4KV8Xn25IzgKPR1UEQ0og==",
        "dependencies": {
          "Microsoft.Extensions.DependencyInjection.Abstractions": "9.0.10"
        }
      },
      "Microsoft.Extensions.DependencyInjection.Abstractions": {
        "type": "Transitive",
        "resolved": "9.0.10",
        "contentHash": "r9waLiOPe9ZF1PvzUT+RDoHvpMmY8MW+lb4lqjYGObwKpnyPMLI3odVvlmshwuZcdoHynsGWOrCPA0hxZ63lIA=="
      },
      "Microsoft.Extensions.Diagnostics.Abstractions": {
        "type": "Transitive",
        "resolved": "9.0.0",
        "contentHash": "1K8P7XzuzX8W8pmXcZjcrqS6x5eSSdvhQohmcpgiQNY/HlDAlnrhR9dvlURfFz428A+RTCJpUyB+aKTA6AgVcQ==",
        "dependencies": {
          "Microsoft.Extensions.DependencyInjection.Abstractions": "9.0.0",
          "Microsoft.Extensions.Options": "9.0.0"
        }
      },
      "Microsoft.Extensions.FileProviders.Abstractions": {
        "type": "Transitive",
        "resolved": "9.0.0",
        "contentHash": "uK439QzYR0q2emLVtYzwyK3x+T5bTY4yWsd/k/ZUS9LR6Sflp8MIdhGXW8kQCd86dQD4tLqvcbLkku8qHY263Q==",
        "dependencies": {
          "Microsoft.Extensions.Primitives": "9.0.0"
        }
      },
      "Microsoft.Extensions.Hosting.Abstractions": {
        "type": "Transitive",
        "resolved": "9.0.0",
        "contentHash": "yUKJgu81ExjvqbNWqZKshBbLntZMbMVz/P7Way2SBx7bMqA08Mfdc9O7hWDKAiSp+zPUGT6LKcSCQIPeDK+CCw==",
        "dependencies": {
          "Microsoft.Extensions.Configuration.Abstractions": "9.0.0",
          "Microsoft.Extensions.DependencyInjection.Abstractions": "9.0.0",
          "Microsoft.Extensions.Diagnostics.Abstractions": "9.0.0",
          "Microsoft.Extensions.FileProviders.Abstractions": "9.0.0",
          "Microsoft.Extensions.Logging.Abstractions": "9.0.0"
        }
      },
      "Microsoft.Extensions.Logging.Configuration": {
        "type": "Transitive",
        "resolved": "9.0.0",
        "contentHash": "H05HiqaNmg6GjH34ocYE9Wm1twm3Oz2aXZko8GTwGBzM7op2brpAA8pJ5yyD1OpS1mXUtModBYOlcZ/wXeWsSg==",
        "dependencies": {
          "Microsoft.Extensions.Configuration": "9.0.0",
          "Microsoft.Extensions.Configuration.Abstractions": "9.0.0",
          "Microsoft.Extensions.Configuration.Binder": "9.0.0",
          "Microsoft.Extensions.DependencyInjection.Abstractions": "9.0.0",
          "Microsoft.Extensions.Logging": "9.0.0",
          "Microsoft.Extensions.Logging.Abstractions": "9.0.0",
          "Microsoft.Extensions.Options": "9.0.0",
          "Microsoft.Extensions.Options.ConfigurationExtensions": "9.0.0"
        }
      },
      "Microsoft.Extensions.Primitives": {
        "type": "Transitive",
        "resolved": "9.0.10",
        "contentHash": "3pl8D1O5ZwMpDkZAT2uXrhQ6NipkwEgDLMFuURiHTf72TvkoMP61QYH3Vk1yrzVHnHBdNZk3cQACz8Zc7YGNhQ=="
      },
      "OpenTelemetry": {
        "type": "Transitive",
        "resolved": "1.13.1",
        "contentHash": "rrM2NlZ0Xla2Ar8zzU09n+HoLFq8b+Kjx7vrmR0tdYfWLYWGNcXHOITXUiyaK8RrFEceMEoF45VBsaf4QPmKcg==",
        "dependencies": {
          "Microsoft.Extensions.Diagnostics.Abstractions": "9.0.0",
          "Microsoft.Extensions.Logging.Configuration": "9.0.0",
          "OpenTelemetry.Api.ProviderBuilderExtensions": "1.13.1"
        }
      },
      "OpenTelemetry.Api": {
        "type": "Transitive",
        "resolved": "1.13.1",
        "contentHash": "tieglRERo7Rgu8oE8aamnuXCMPEW5fXIqO5ngTMCNk9pOEXanc0SdQ86ZAD1goNiGcjWHn+P3WMZp0FZSJgCoQ==",
        "dependencies": {
          "System.Diagnostics.DiagnosticSource": "9.0.0"
        }
      },
      "OpenTelemetry.Api.ProviderBuilderExtensions": {
        "type": "Transitive",
        "resolved": "1.13.1",
        "contentHash": "x8QXMsrIyp+XzDUFQAM+C4upAPNbwaBIPjTWEoonziWAav6weS8OxsMKrE4wz7Zly8ATlsoxk0mWZ+PHO3Wg0w==",
        "dependencies": {
          "Microsoft.Extensions.DependencyInjection.Abstractions": "9.0.0",
          "OpenTelemetry.Api": "1.13.1"
        }
      },
      "Polly.Core": {
        "type": "Transitive",
        "resolved": "8.6.4",
        "contentHash": "4AWqYnQ2TME0E+Mzovt1Uu+VyvpR84ymUldMcPw7Mbj799Phaag14CKrMtlJGx5jsvYP+S3oR1QmysgmXoD5cw=="
      },
      "System.Diagnostics.DiagnosticSource": {
        "type": "Transitive",
        "resolved": "9.0.0",
        "contentHash": "ddppcFpnbohLWdYKr/ZeLZHmmI+DXFgZ3Snq+/E7SwcdW4UnvxmaugkwGywvGVWkHPGCSZjCP+MLzu23AL5SDw=="
      }
    }
  }
}